
Microsoft Visual Studio Solution File, Format Version 12.00
# Visual Studio Version 17
VisualStudioVersion = 17.9.34723.18
MinimumVisualStudioVersion = 10.0.40219.1
Project("{FAE04EC0-301F-11D3-BF4B-00C04F79EFBC}") = "EtchIt", "EtchIt\EtchIt.csproj", "{C3767A9D-B53F-40C8-B0ED-39E766876F67}"
EndProject
Global
	GlobalSection(SolutionConfigurationPlatforms) = preSolution
		Debug|Any CPU = Debug|Any CPU
		Release|Any CPU = Release|Any CPU
	EndGlobalSection
	GlobalSection(ProjectConfigurationPlatforms) = postSolution
		{C3767A9D-B53F-40C8-B0ED-39E766876F67}.Debug|Any CPU.ActiveCfg = Debug|Any CPU
		{C3767A9D-B53F-40C8-B0ED-39E766876F67}.Debug|Any CPU.Build.0 = Debug|Any CPU
		{C3767A9D-B53F-40C8-B0ED-39E766876F67}.Release|Any CPU.ActiveCfg = Release|Any CPU
		{C3767A9D-B53F-40C8-B0ED-39E766876F67}.Release|Any CPU.Build.0 = Release|Any CPU
	EndGlobalSection
	GlobalSection(SolutionProperties) = preSolution
		HideSolutionNode = FALSE
	EndGlobalSection
	GlobalSection(ExtensibilityGlobals) = postSolution
		SolutionGuid = {FCEF31D4-B24F-4C69-BED1-FD739FBE212F}
	EndGlobalSection
EndGlobal
